
Microsoft Visual Studio Solution File, Format Version 12.00
# Visual Studio Version 17
VisualStudioVersion = 17.10.34928.147
MinimumVisualStudioVersion = 10.0.40219.1
Project("{FAE04EC0-301F-11D3-BF4B-00C04F79EFBC}") = "TheSims", "TheSims.csproj", "{EC128CE2-8A2C-4F81-9835-3370DAA9BC01}"
EndProject
Global
	GlobalSection(SolutionConfigurationPlatforms) = preSolution
		Debug|Any CPU = Debug|Any CPU
		Release|Any CPU = Release|Any CPU
	EndGlobalSection
	GlobalSection(ProjectConfigurationPlatforms) = postSolution
		{EC128CE2-8A2C-4F81-9835-3370DAA9BC01}.Debug|Any CPU.ActiveCfg = Debug|Any CPU
		{EC128CE2-8A2C-4F81-9835-3370DAA9BC01}.Debug|Any CPU.Build.0 = Debug|Any CPU
		{EC128CE2-8A2C-4F81-9835-3370DAA9BC01}.Release|Any CPU.ActiveCfg = Release|Any CPU
		{EC128CE2-8A2C-4F81-9835-3370DAA9BC01}.Release|Any CPU.Build.0 = Release|Any CPU
	EndGlobalSection
	GlobalSection(SolutionProperties) = preSolution
		HideSolutionNode = FALSE
	EndGlobalSection
	GlobalSection(ExtensibilityGlobals) = postSolution
		SolutionGuid = {1FE7852F-EEFB-4672-B9D4-0354BC9AE041}
	EndGlobalSection
EndGlobal
